
Microsoft Visual Studio Solution File, Format Version 12.00
# Visual Studio Version 17
VisualStudioVersion = 17.5.33627.172
MinimumVisualStudioVersion = 10.0.40219.1
Project("{9A19103F-16F7-4668-BE54-9A1E7A4F7556}") = "SolarWatch", "SolarWatch\SolarWatch.csproj", "{7D5B6147-3E93-48B7-B6C6-045DA273E30F}"
EndProject
Project("{FAE04EC0-301F-11D3-BF4B-00C04F79EFBC}") = "SolarWatchTest", "SolarWatchTest\SolarWatchTest.csproj", "{180DD9D4-F1FD-4BFE-87A4-545D6E919F2B}"
EndProject
Global
	GlobalSection(SolutionConfigurationPlatforms) = preSolution
		Debug|Any CPU = Debug|Any CPU
		Release|Any CPU = Release|Any CPU
	EndGlobalSection
	GlobalSection(ProjectConfigurationPlatforms) = postSolution
		{7D5B6147-3E93-48B7-B6C6-045DA273E30F}.Debug|Any CPU.ActiveCfg = Debug|Any CPU
		{7D5B6147-3E93-48B7-B6C6-045DA273E30F}.Debug|Any CPU.Build.0 = Debug|Any CPU
		{7D5B6147-3E93-48B7-B6C6-045DA273E30F}.Release|Any CPU.ActiveCfg = Release|Any CPU
		{7D5B6147-3E93-48B7-B6C6-045DA273E30F}.Release|Any CPU.Build.0 = Release|Any CPU
		{180DD9D4-F1FD-4BFE-87A4-545D6E919F2B}.Debug|Any CPU.ActiveCfg = Debug|Any CPU
		{180DD9D4-F1FD-4BFE-87A4-545D6E919F2B}.Debug|Any CPU.Build.0 = Debug|Any CPU
		{180DD9D4-F1FD-4BFE-87A4-545D6E919F2B}.Release|Any CPU.ActiveCfg = Release|Any CPU
		{180DD9D4-F1FD-4BFE-87A4-545D6E919F2B}.Release|Any CPU.Build.0 = Release|Any CPU
	EndGlobalSection
	GlobalSection(SolutionProperties) = preSolution
		HideSolutionNode = FALSE
	EndGlobalSection
	GlobalSection(ExtensibilityGlobals) = postSolution
		SolutionGuid = {A43A4623-2FBD-46C8-AC58-3738B5ED0AEB}
	EndGlobalSection
EndGlobal
